
Microsoft Visual Studio Solution File, Format Version 10.00
# Visual Studio 2008
Project("{FAE04EC0-301F-11D3-BF4B-00C04F79EFBC}") = "StatGrabberTest", "StatGrabberTest.csproj", "{1D121B8E-8CF6-46F8-BB58-DA93F9B3F63F}"
EndProject
Global
	GlobalSection(SolutionConfigurationPlatforms) = preSolution
		Debug|Any CPU = Debug|Any CPU
		Release|Any CPU = Release|Any CPU
	EndGlobalSection
	GlobalSection(ProjectConfigurationPlatforms) = postSolution
		{1D121B8E-8CF6-46F8-BB58-DA93F9B3F63F}.Debug|Any CPU.ActiveCfg = Debug|Any CPU
		{1D121B8E-8CF6-46F8-BB58-DA93F9B3F63F}.Debug|Any CPU.Build.0 = Debug|Any CPU
		{1D121B8E-8CF6-46F8-BB58-DA93F9B3F63F}.Release|Any CPU.ActiveCfg = Release|Any CPU
		{1D121B8E-8CF6-46F8-BB58-DA93F9B3F63F}.Release|Any CPU.Build.0 = Release|Any CPU
	EndGlobalSection
	GlobalSection(SolutionProperties) = preSolution
		HideSolutionNode = FALSE
	EndGlobalSection
EndGlobal
