
Microsoft Visual Studio Solution File, Format Version 11.00
# Visual Studio 2010
Project("{FAE04EC0-301F-11D3-BF4B-00C04F79EFBC}") = "Netcaa", "Netcaa\Netcaa.csproj", "{61DB63E7-B356-41CF-8692-E83A61CE882A}"
EndProject
Project("{FAE04EC0-301F-11D3-BF4B-00C04F79EFBC}") = "Logger", "Logger\Logger.csproj", "{6D4E3E76-4170-4077-AA37-49515CF16A26}"
EndProject
Project("{FAE04EC0-301F-11D3-BF4B-00C04F79EFBC}") = "StatGrabber", "StatGrabber\StatGrabber.csproj", "{7091F4AE-13F7-4B9D-B776-B616BB4ECDEC}"
EndProject
Project("{FAE04EC0-301F-11D3-BF4B-00C04F79EFBC}") = "StatGrabberTest", "StatGrabberTest\StatGrabberTest.csproj", "{1D121B8E-8CF6-46F8-BB58-DA93F9B3F63F}"
EndProject
Project("{FAE04EC0-301F-11D3-BF4B-00C04F79EFBC}") = "NetbaTradeAggregator", "NetbaTradeAggregator\NetbaTradeAggregator.csproj", "{A1AAEAC3-D92E-41C0-8B28-0345FC43BCCE}"
EndProject
Global
	GlobalSection(SolutionConfigurationPlatforms) = preSolution
		Debug|Any CPU = Debug|Any CPU
		Debug|Mixed Platforms = Debug|Mixed Platforms
		Debug|x86 = Debug|x86
		Release|Any CPU = Release|Any CPU
		Release|Mixed Platforms = Release|Mixed Platforms
		Release|x86 = Release|x86
	EndGlobalSection
	GlobalSection(ProjectConfigurationPlatforms) = postSolution
		{61DB63E7-B356-41CF-8692-E83A61CE882A}.Debug|Any CPU.ActiveCfg = Debug|Any CPU
		{61DB63E7-B356-41CF-8692-E83A61CE882A}.Debug|Any CPU.Build.0 = Debug|Any CPU
		{61DB63E7-B356-41CF-8692-E83A61CE882A}.Debug|Mixed Platforms.ActiveCfg = Debug|Any CPU
		{61DB63E7-B356-41CF-8692-E83A61CE882A}.Debug|Mixed Platforms.Build.0 = Debug|Any CPU
		{61DB63E7-B356-41CF-8692-E83A61CE882A}.Debug|x86.ActiveCfg = Debug|Any CPU
		{61DB63E7-B356-41CF-8692-E83A61CE882A}.Release|Any CPU.ActiveCfg = Release|Any CPU
		{61DB63E7-B356-41CF-8692-E83A61CE882A}.Release|Any CPU.Build.0 = Release|Any CPU
		{61DB63E7-B356-41CF-8692-E83A61CE882A}.Release|Mixed Platforms.ActiveCfg = Release|Any CPU
		{61DB63E7-B356-41CF-8692-E83A61CE882A}.Release|Mixed Platforms.Build.0 = Release|Any CPU
		{61DB63E7-B356-41CF-8692-E83A61CE882A}.Release|x86.ActiveCfg = Release|Any CPU
		{6D4E3E76-4170-4077-AA37-49515CF16A26}.Debug|Any CPU.ActiveCfg = Debug|Any CPU
		{6D4E3E76-4170-4077-AA37-49515CF16A26}.Debug|Any CPU.Build.0 = Debug|Any CPU
		{6D4E3E76-4170-4077-AA37-49515CF16A26}.Debug|Mixed Platforms.ActiveCfg = Debug|Any CPU
		{6D4E3E76-4170-4077-AA37-49515CF16A26}.Debug|Mixed Platforms.Build.0 = Debug|Any CPU
		{6D4E3E76-4170-4077-AA37-49515CF16A26}.Debug|x86.ActiveCfg = Debug|Any CPU
		{6D4E3E76-4170-4077-AA37-49515CF16A26}.Release|Any CPU.ActiveCfg = Release|Any CPU
		{6D4E3E76-4170-4077-AA37-49515CF16A26}.Release|Any CPU.Build.0 = Release|Any CPU
		{6D4E3E76-4170-4077-AA37-49515CF16A26}.Release|Mixed Platforms.ActiveCfg = Release|Any CPU
		{6D4E3E76-4170-4077-AA37-49515CF16A26}.Release|Mixed Platforms.Build.0 = Release|Any CPU
		{6D4E3E76-4170-4077-AA37-49515CF16A26}.Release|x86.ActiveCfg = Release|Any CPU
		{7091F4AE-13F7-4B9D-B776-B616BB4ECDEC}.Debug|Any CPU.ActiveCfg = Debug|Any CPU
		{7091F4AE-13F7-4B9D-B776-B616BB4ECDEC}.Debug|Any CPU.Build.0 = Debug|Any CPU
		{7091F4AE-13F7-4B9D-B776-B616BB4ECDEC}.Debug|Mixed Platforms.ActiveCfg = Debug|Any CPU
		{7091F4AE-13F7-4B9D-B776-B616BB4ECDEC}.Debug|Mixed Platforms.Build.0 = Debug|Any CPU
		{7091F4AE-13F7-4B9D-B776-B616BB4ECDEC}.Debug|x86.ActiveCfg = Debug|Any CPU
		{7091F4AE-13F7-4B9D-B776-B616BB4ECDEC}.Release|Any CPU.ActiveCfg = Release|Any CPU
		{7091F4AE-13F7-4B9D-B776-B616BB4ECDEC}.Release|Any CPU.Build.0 = Release|Any CPU
		{7091F4AE-13F7-4B9D-B776-B616BB4ECDEC}.Release|Mixed Platforms.ActiveCfg = Release|Any CPU
		{7091F4AE-13F7-4B9D-B776-B616BB4ECDEC}.Release|Mixed Platforms.Build.0 = Release|Any CPU
		{7091F4AE-13F7-4B9D-B776-B616BB4ECDEC}.Release|x86.ActiveCfg = Release|Any CPU
		{1D121B8E-8CF6-46F8-BB58-DA93F9B3F63F}.Debug|Any CPU.ActiveCfg = Debug|Any CPU
		{1D121B8E-8CF6-46F8-BB58-DA93F9B3F63F}.Debug|Any CPU.Build.0 = Debug|Any CPU
		{1D121B8E-8CF6-46F8-BB58-DA93F9B3F63F}.Debug|Mixed Platforms.ActiveCfg = Debug|Any CPU
		{1D121B8E-8CF6-46F8-BB58-DA93F9B3F63F}.Debug|Mixed Platforms.Build.0 = Debug|Any CPU
		{1D121B8E-8CF6-46F8-BB58-DA93F9B3F63F}.Debug|x86.ActiveCfg = Debug|Any CPU
		{1D121B8E-8CF6-46F8-BB58-DA93F9B3F63F}.Release|Any CPU.ActiveCfg = Release|Any CPU
		{1D121B8E-8CF6-46F8-BB58-DA93F9B3F63F}.Release|Any CPU.Build.0 = Release|Any CPU
		{1D121B8E-8CF6-46F8-BB58-DA93F9B3F63F}.Release|Mixed Platforms.ActiveCfg = Release|Any CPU
		{1D121B8E-8CF6-46F8-BB58-DA93F9B3F63F}.Release|Mixed Platforms.Build.0 = Release|Any CPU
		{1D121B8E-8CF6-46F8-BB58-DA93F9B3F63F}.Release|x86.ActiveCfg = Release|Any CPU
		{A1AAEAC3-D92E-41C0-8B28-0345FC43BCCE}.Debug|Any CPU.ActiveCfg = Debug|Any CPU
		{A1AAEAC3-D92E-41C0-8B28-0345FC43BCCE}.Debug|Any CPU.Build.0 = Debug|Any CPU
		{A1AAEAC3-D92E-41C0-8B28-0345FC43BCCE}.Debug|Any CPU.Deploy.0 = Debug|Any CPU
		{A1AAEAC3-D92E-41C0-8B28-0345FC43BCCE}.Debug|Mixed Platforms.ActiveCfg = Debug|Any CPU
		{A1AAEAC3-D92E-41C0-8B28-0345FC43BCCE}.Debug|Mixed Platforms.Build.0 = Debug|Any CPU
		{A1AAEAC3-D92E-41C0-8B28-0345FC43BCCE}.Debug|Mixed Platforms.Deploy.0 = Debug|Any CPU
		{A1AAEAC3-D92E-41C0-8B28-0345FC43BCCE}.Debug|x86.ActiveCfg = Debug|Any CPU
		{A1AAEAC3-D92E-41C0-8B28-0345FC43BCCE}.Release|Any CPU.ActiveCfg = Release|Any CPU
		{A1AAEAC3-D92E-41C0-8B28-0345FC43BCCE}.Release|Any CPU.Build.0 = Release|Any CPU
		{A1AAEAC3-D92E-41C0-8B28-0345FC43BCCE}.Release|Any CPU.Deploy.0 = Release|Any CPU
		{A1AAEAC3-D92E-41C0-8B28-0345FC43BCCE}.Release|Mixed Platforms.ActiveCfg = Release|Any CPU
		{A1AAEAC3-D92E-41C0-8B28-0345FC43BCCE}.Release|Mixed Platforms.Build.0 = Release|Any CPU
		{A1AAEAC3-D92E-41C0-8B28-0345FC43BCCE}.Release|Mixed Platforms.Deploy.0 = Release|Any CPU
		{A1AAEAC3-D92E-41C0-8B28-0345FC43BCCE}.Release|x86.ActiveCfg = Release|Any CPU
	EndGlobalSection
	GlobalSection(SolutionProperties) = preSolution
		HideSolutionNode = FALSE
	EndGlobalSection
EndGlobal
